// !$*UTF8*$!
{
	archiveVersion = 1;
	classes = {
	};
	objectVersion = 77;
	objects = {

/* Begin PBXContainerItemProxy section */
		1BD1FFD42D01EF220078D8AD /* PBXContainerItemProxy */ = {
			isa = PBXContainerItemProxy;
			containerPortal = 1BD1FFB92D01EF1F0078D8AD /* Project object */;
			proxyType = 1;
			remoteGlobalIDString = 1BD1FFC02D01EF1F0078D8AD;
			remoteInfo = GitHubRepositoriesApp;
		};
		1BD1FFDE2D01EF220078D8AD /* PBXContainerItemProxy */ = {
			isa = PBXContainerItemProxy;
			containerPortal = 1BD1FFB92D01EF1F0078D8AD /* Project object */;
			proxyType = 1;
			remoteGlobalIDString = 1BD1FFC02D01EF1F0078D8AD;
			remoteInfo = GitHubRepositoriesApp;
		};
/* End PBXContainerItemProxy section */

/* Begin PBXFileReference section */
		1BD1FFC12D01EF1F0078D8AD /* GitHubRepositoriesApp.app */ = {isa = PBXFileReference; explicitFileType = wrapper.application; includeInIndex = 0; path = GitHubRepositoriesApp.app; sourceTree = BUILT_PRODUCTS_DIR; };
		1BD1FFD32D01EF220078D8AD /* GitHubRepositoriesAppTests.xctest */ = {isa = PBXFileReference; explicitFileType = wrapper.cfbundle; includeInIndex = 0; path = GitHubRepositoriesAppTests.xctest; sourceTree = BUILT_PRODUCTS_DIR; };
		1BD1FFDD2D01EF220078D8AD /* GitHubRepositoriesAppUITests.xctest */ = {isa = PBXFileReference; explicitFileType = wrapper.cfbundle; includeInIndex = 0; path = GitHubRepositoriesAppUITests.xctest; sourceTree = BUILT_PRODUCTS_DIR; };
/* End PBXFileReference section */

/* Begin PBXFileSystemSynchronizedRootGroup section */
		1BD1FFC32D01EF1F0078D8AD /* GitHubRepositoriesApp */ = {
			isa = PBXFileSystemSynchronizedRootGroup;
			path = GitHubRepositoriesApp;
			sourceTree = "<group>";
		};
		1BD1FFD62D01EF220078D8AD /* GitHubRepositoriesAppTests */ = {
			isa = PBXFileSystemSynchronizedRootGroup;
			path = GitHubRepositoriesAppTests;
			sourceTree = "<group>";
		};
		1BD1FFE02D01EF220078D8AD /* GitHubRepositoriesAppUITests */ = {
			isa = PBXFileSystemSynchronizedRootGroup;
			path = GitHubRepositoriesAppUITests;
			sourceTree = "<group>";
		};
/* End PBXFileSystemSynchronizedRootGroup section */

/* Begin PBXFrameworksBuildPhase section */
		1BD1FFBE2D01EF1F0078D8AD /* Frameworks */ = {
			isa = PBXFrameworksBuildPhase;
			buildActionMask = 2147483647;
			files = (
			);
			runOnlyForDeploymentPostprocessing = 0;
		};
		1BD1FFD02D01EF220078D8AD /* Frameworks */ = {
			isa = PBXFrameworksBuildPhase;
			buildActionMask = 2147483647;
			files = (
			);
			runOnlyForDeploymentPostprocessing = 0;
		};
		1BD1FFDA2D01EF220078D8AD /* Frameworks */ = {
			isa = PBXFrameworksBuildPhase;
			buildActionMask = 2147483647;
			files = (
			);
			runOnlyForDeploymentPostprocessing = 0;
		};
/* End PBXFrameworksBuildPhase section */

/* Begin PBXGroup section */
		1BD1FFB82D01EF1F0078D8AD = {
			isa = PBXGroup;
			children = (
				1BD1FFC32D01EF1F0078D8AD /* GitHubRepositoriesApp */,
				1BD1FFD62D01EF220078D8AD /* GitHubRepositoriesAppTests */,
				1BD1FFE02D01EF220078D8AD /* GitHubRepositoriesAppUITests */,
				1BD1FFC22D01EF1F0078D8AD /* Products */,
			);
			sourceTree = "<group>";
		};
		1BD1FFC22D01EF1F0078D8AD /* Products */ = {
			isa = PBXGroup;
			children = (
				1BD1FFC12D01EF1F0078D8AD /* GitHubRepositoriesApp.app */,
				1BD1FFD32D01EF220078D8AD /* GitHubRepositoriesAppTests.xctest */,
				1BD1FFDD2D01EF220078D8AD /* GitHubRepositoriesAppUITests.xctest */,
			);
			name = Products;
			sourceTree = "<group>";
		};
/* End PBXGroup section */

/* Begin PBXNativeTarget section */
		1BD1FFC02D01EF1F0078D8AD /* GitHubRepositoriesApp */ = {
			isa = PBXNativeTarget;
			buildConfigurationList = 1BD1FFE72D01EF220078D8AD /* Build configuration list for PBXNativeTarget "GitHubRepositoriesApp" */;
			buildPhases = (
				1BD1FFBD2D01EF1F0078D8AD /* Sources */,
				1BD1FFBE2D01EF1F0078D8AD /* Frameworks */,
				1BD1FFBF2D01EF1F0078D8AD /* Resources */,
			);
			buildRules = (
			);
			dependencies = (
			);
			fileSystemSynchronizedGroups = (
				1BD1FFC32D01EF1F0078D8AD /* GitHubRepositoriesApp */,
			);
			name = GitHubRepositoriesApp;
			packageProductDependencies = (
			);
			productName = GitHubRepositoriesApp;
			productReference = 1BD1FFC12D01EF1F0078D8AD /* GitHubRepositoriesApp.app */;
			productType = "com.apple.product-type.application";
		};
		1BD1FFD22D01EF220078D8AD /* GitHubRepositoriesAppTests */ = {
			isa = PBXNativeTarget;
			buildConfigurationList = 1BD1FFEA2D01EF220078D8AD /* Build configuration list for PBXNativeTarget "GitHubRepositoriesAppTests" */;
			buildPhases = (
				1BD1FFCF2D01EF220078D8AD /* Sources */,
				1BD1FFD02D01EF220078D8AD /* Frameworks */,
				1BD1FFD12D01EF220078D8AD /* Resources */,
			);
			buildRules = (
			);
			dependencies = (
				1BD1FFD52D01EF220078D8AD /* PBXTargetDependency */,
			);
			fileSystemSynchronizedGroups = (
				1BD1FFD62D01EF220078D8AD /* GitHubRepositoriesAppTests */,
			);
			name = GitHubRepositoriesAppTests;
			packageProductDependencies = (
			);
			productName = GitHubRepositoriesAppTests;
			productReference = 1BD1FFD32D01EF220078D8AD /* GitHubRepositoriesAppTests.xctest */;
			productType = "com.apple.product-type.bundle.unit-test";
		};
		1BD1FFDC2D01EF220078D8AD /* GitHubRepositoriesAppUITests */ = {
			isa = PBXNativeTarget;
			buildConfigurationList = 1BD1FFED2D01EF220078D8AD /* Build configuration list for PBXNativeTarget "GitHubRepositoriesAppUITests" */;
			buildPhases = (
				1BD1FFD92D01EF220078D8AD /* Sources */,
				1BD1FFDA2D01EF220078D8AD /* Frameworks */,
				1BD1FFDB2D01EF220078D8AD /* Resources */,
			);
			buildRules = (
			);
			dependencies = (
				1BD1FFDF2D01EF220078D8AD /* PBXTargetDependency */,
			);
			fileSystemSynchronizedGroups = (
				1BD1FFE02D01EF220078D8AD /* GitHubRepositoriesAppUITests */,
			);
			name = GitHubRepositoriesAppUITests;
			packageProductDependencies = (
			);
			productName = GitHubRepositoriesAppUITests;
			productReference = 1BD1FFDD2D01EF220078D8AD /* GitHubRepositoriesAppUITests.xctest */;
			productType = "com.apple.product-type.bundle.ui-testing";
		};
/* End PBXNativeTarget section */

/* Begin PBXProject section */
		1BD1FFB92D01EF1F0078D8AD /* Project object */ = {
			isa = PBXProject;
			attributes = {
				BuildIndependentTargetsInParallel = 1;
				LastSwiftUpdateCheck = 1610;
				LastUpgradeCheck = 1610;
				TargetAttributes = {
					1BD1FFC02D01EF1F0078D8AD = {
						CreatedOnToolsVersion = 16.1;
					};
					1BD1FFD22D01EF220078D8AD = {
						CreatedOnToolsVersion = 16.1;
						TestTargetID = 1BD1FFC02D01EF1F0078D8AD;
					};
					1BD1FFDC2D01EF220078D8AD = {
						CreatedOnToolsVersion = 16.1;
						TestTargetID = 1BD1FFC02D01EF1F0078D8AD;
					};
				};
			};
			buildConfigurationList = 1BD1FFBC2D01EF1F0078D8AD /* Build configuration list for PBXProject "GitHubRepositoriesApp" */;
			developmentRegion = en;
			hasScannedForEncodings = 0;
			knownRegions = (
				en,
				Base,
			);
			mainGroup = 1BD1FFB82D01EF1F0078D8AD;
			minimizedProjectReferenceProxies = 1;
			preferredProjectObjectVersion = 77;
			productRefGroup = 1BD1FFC22D01EF1F0078D8AD /* Products */;
			projectDirPath = "";
			projectRoot = "";
			targets = (
				1BD1FFC02D01EF1F0078D8AD /* GitHubRepositoriesApp */,
				1BD1FFD22D01EF220078D8AD /* GitHubRepositoriesAppTests */,
				1BD1FFDC2D01EF220078D8AD /* GitHubRepositoriesAppUITests */,
			);
		};
/* End PBXProject section */

/* Begin PBXResourcesBuildPhase section */
		1BD1FFBF2D01EF1F0078D8AD /* Resources */ = {
			isa = PBXResourcesBuildPhase;
			buildActionMask = 2147483647;
			files = (
			);
			runOnlyForDeploymentPostprocessing = 0;
		};
		1BD1FFD12D01EF220078D8AD /* Resources */ = {
			isa = PBXResourcesBuildPhase;
			buildActionMask = 2147483647;
			files = (
			);
			runOnlyForDeploymentPostprocessing = 0;
		};
		1BD1FFDB2D01EF220078D8AD /* Resources */ = {
			isa = PBXResourcesBuildPhase;
			buildActionMask = 2147483647;
			files = (
			);
			runOnlyForDeploymentPostprocessing = 0;
		};
/* End PBXResourcesBuildPhase section */

/* Begin PBXSourcesBuildPhase section */
		1BD1FFBD2D01EF1F0078D8AD /* Sources */ = {
			isa = PBXSourcesBuildPhase;
			buildActionMask = 2147483647;
			files = (
			);
			runOnlyForDeploymentPostprocessing = 0;
		};
		1BD1FFCF2D01EF220078D8AD /* Sources */ = {
			isa = PBXSourcesBuildPhase;
			buildActionMask = 2147483647;
			files = (
			);
			runOnlyForDeploymentPostprocessing = 0;
		};
		1BD1FFD92D01EF220078D8AD /* Sources */ = {
			isa = PBXSourcesBuildPhase;
			buildActionMask = 2147483647;
			files = (
			);
			runOnlyForDeploymentPostprocessing = 0;
		};
/* End PBXSourcesBuildPhase section */

/* Begin PBXTargetDependency section */
		1BD1FFD52D01EF220078D8AD /* PBXTargetDependency */ = {
			isa = PBXTargetDependency;
			target = 1BD1FFC02D01EF1F0078D8AD /* GitHubRepositoriesApp */;
			targetProxy = 1BD1FFD42D01EF220078D8AD /* PBXContainerItemProxy */;
		};
		1BD1FFDF2D01EF220078D8AD /* PBXTargetDependency */ = {
			isa = PBXTargetDependency;
			target = 1BD1FFC02D01EF1F0078D8AD /* GitHubRepositoriesApp */;
			targetProxy = 1BD1FFDE2D01EF220078D8AD /* PBXContainerItemProxy */;
		};
/* End PBXTargetDependency section */

/* Begin XCBuildConfiguration section */
		1BD1FFE52D01EF220078D8AD /* Debug */ = {
			isa = XCBuildConfiguration;
			buildSettings = {
				ALWAYS_SEARCH_USER_PATHS = NO;
				ASSETCATALOG_COMPILER_GENERATE_SWIFT_ASSET_SYMBOL_EXTENSIONS = YES;
				CLANG_ANALYZER_NONNULL = YES;
				CLANG_ANALYZER_NUMBER_OBJECT_CONVERSION = YES_AGGRESSIVE;
				CLANG_CXX_LANGUAGE_STANDARD = "gnu++20";
				CLANG_ENABLE_MODULES = YES;
				CLANG_ENABLE_OBJC_ARC = YES;
				CLANG_ENABLE_OBJC_WEAK = YES;
				CLANG_WARN_BLOCK_CAPTURE_AUTORELEASING = YES;
				CLANG_WARN_BOOL_CONVERSION = YES;
				CLANG_WARN_COMMA = YES;
				CLANG_WARN_CONSTANT_CONVERSION = YES;
				CLANG_WARN_DEPRECATED_OBJC_IMPLEMENTATIONS = YES;
				CLANG_WARN_DIRECT_OBJC_ISA_USAGE = YES_ERROR;
				CLANG_WARN_DOCUMENTATION_COMMENTS = YES;
				CLANG_WARN_EMPTY_BODY = YES;
				CLANG_WARN_ENUM_CONVERSION = YES;
				CLANG_WARN_INFINITE_RECURSION = YES;
				CLANG_WARN_INT_CONVERSION = YES;
				CLANG_WARN_NON_LITERAL_NULL_CONVERSION = YES;
				CLANG_WARN_OBJC_IMPLICIT_RETAIN_SELF = YES;
				CLANG_WARN_OBJC_LITERAL_CONVERSION = YES;
				CLANG_WARN_OBJC_ROOT_CLASS = YES_ERROR;
				CLANG_WARN_QUOTED_INCLUDE_IN_FRAMEWORK_HEADER = YES;
				CLANG_WARN_RANGE_LOOP_ANALYSIS = YES;
				CLANG_WARN_STRICT_PROTOTYPES = YES;
				CLANG_WARN_SUSPICIOUS_MOVE = YES;
				CLANG_WARN_UNGUARDED_AVAILABILITY = YES_AGGRESSIVE;
				CLANG_WARN_UNREACHABLE_CODE = YES;
				CLANG_WARN__DUPLICATE_METHOD_MATCH = YES;
				COPY_PHASE_STRIP = NO;
				DEBUG_INFORMATION_FORMAT = dwarf;
				ENABLE_STRICT_OBJC_MSGSEND = YES;
				ENABLE_TESTABILITY = YES;
				ENABLE_USER_SCRIPT_SANDBOXING = YES;
				GCC_C_LANGUAGE_STANDARD = gnu17;
				GCC_DYNAMIC_NO_PIC = NO;
				GCC_NO_COMMON_BLOCKS = YES;
				GCC_OPTIMIZATION_LEVEL = 0;
				GCC_PREPROCESSOR_DEFINITIONS = (
					"DEBUG=1",
					"$(inherited)",
				);
				GCC_WARN_64_TO_32_BIT_CONVERSION = YES;
				GCC_WARN_ABOUT_RETURN_TYPE = YES_ERROR;
				GCC_WARN_UNDECLARED_SELECTOR = YES;
				GCC_WARN_UNINITIALIZED_AUTOS = YES_AGGRESSIVE;
				GCC_WARN_UNUSED_FUNCTION = YES;
				GCC_WARN_UNUSED_VARIABLE = YES;
				IPHONEOS_DEPLOYMENT_TARGET = 18.1;
				LOCALIZATION_PREFERS_STRING_CATALOGS = YES;
				MTL_ENABLE_DEBUG_INFO = INCLUDE_SOURCE;
				MTL_FAST_MATH = YES;
				ONLY_ACTIVE_ARCH = YES;
				SDKROOT = iphoneos;
				SWIFT_ACTIVE_COMPILATION_CONDITIONS = "DEBUG $(inherited)";
				SWIFT_OPTIMIZATION_LEVEL = "-Onone";
			};
			name = Debug;
		};
		1BD1FFE62D01EF220078D8AD /* Release */ = {
			isa = XCBuildConfiguration;
			buildSettings = {
				ALWAYS_SEARCH_USER_PATHS = NO;
				ASSETCATALOG_COMPILER_GENERATE_SWIFT_ASSET_SYMBOL_EXTENSIONS = YES;
				CLANG_ANALYZER_NONNULL = YES;
				CLANG_ANALYZER_NUMBER_OBJECT_CONVERSION = YES_AGGRESSIVE;
				CLANG_CXX_LANGUAGE_STANDARD = "gnu++20";
				CLANG_ENABLE_MODULES = YES;
				CLANG_ENABLE_OBJC_ARC = YES;
				CLANG_ENABLE_OBJC_WEAK = YES;
				CLANG_WARN_BLOCK_CAPTURE_AUTORELEASING = YES;
				CLANG_WARN_BOOL_CONVERSION = YES;
				CLANG_WARN_COMMA = YES;
				CLANG_WARN_CONSTANT_CONVERSION = YES;
				CLANG_WARN_DEPRECATED_OBJC_IMPLEMENTATIONS = YES;
				CLANG_WARN_DIRECT_OBJC_ISA_USAGE = YES_ERROR;
				CLANG_WARN_DOCUMENTATION_COMMENTS = YES;
				CLANG_WARN_EMPTY_BODY = YES;
				CLANG_WARN_ENUM_CONVERSION = YES;
				CLANG_WARN_INFINITE_RECURSION = YES;
				CLANG_WARN_INT_CONVERSION = YES;
				CLANG_WARN_NON_LITERAL_NULL_CONVERSION = YES;
				CLANG_WARN_OBJC_IMPLICIT_RETAIN_SELF = YES;
				CLANG_WARN_OBJC_LITERAL_CONVERSION = YES;
				CLANG_WARN_OBJC_ROOT_CLASS = YES_ERROR;
				CLANG_WARN_QUOTED_INCLUDE_IN_FRAMEWORK_HEADER = YES;
				CLANG_WARN_RANGE_LOOP_ANALYSIS = YES;
				CLANG_WARN_STRICT_PROTOTYPES = YES;
				CLANG_WARN_SUSPICIOUS_MOVE = YES;
				CLANG_WARN_UNGUARDED_AVAILABILITY = YES_AGGRESSIVE;
				CLANG_WARN_UNREACHABLE_CODE = YES;
				CLANG_WARN__DUPLICATE_METHOD_MATCH = YES;
				COPY_PHASE_STRIP = NO;
				DEBUG_INFORMATION_FORMAT = "dwarf-with-dsym";
				ENABLE_NS_ASSERTIONS = NO;
				ENABLE_STRICT_OBJC_MSGSEND = YES;
				ENABLE_USER_SCRIPT_SANDBOXING = YES;
				GCC_C_LANGUAGE_STANDARD = gnu17;
				GCC_NO_COMMON_BLOCKS = YES;
				GCC_WARN_64_TO_32_BIT_CONVERSION = YES;
				GCC_WARN_ABOUT_RETURN_TYPE = YES_ERROR;
				GCC_WARN_UNDECLARED_SELECTOR = YES;
				GCC_WARN_UNINITIALIZED_AUTOS = YES_AGGRESSIVE;
				GCC_WARN_UNUSED_FUNCTION = YES;
				GCC_WARN_UNUSED_VARIABLE = YES;
				IPHONEOS_DEPLOYMENT_TARGET = 18.1;
				LOCALIZATION_PREFERS_STRING_CATALOGS = YES;
				MTL_ENABLE_DEBUG_INFO = NO;
				MTL_FAST_MATH = YES;
				SDKROOT = iphoneos;
				SWIFT_COMPILATION_MODE = wholemodule;
				VALIDATE_PRODUCT = YES;
			};
			name = Release;
		};
		1BD1FFE82D01EF220078D8AD /* Debug */ = {
			isa = XCBuildConfiguration;
			buildSettings = {
				ASSETCATALOG_COMPILER_APPICON_NAME = AppIcon;
				ASSETCATALOG_COMPILER_GLOBAL_ACCENT_COLOR_NAME = AccentColor;
				CODE_SIGN_STYLE = Automatic;
				CURRENT_PROJECT_VERSION = 1;
				DEVELOPMENT_ASSET_PATHS = "\"GitHubRepositoriesApp/Preview Content\"";
				DEVELOPMENT_TEAM = K48L8NYDR9;
				ENABLE_PREVIEWS = YES;
				GENERATE_INFOPLIST_FILE = YES;
				INFOPLIST_KEY_UIApplicationSceneManifest_Generation = YES;
				INFOPLIST_KEY_UIApplicationSupportsIndirectInputEvents = YES;
				INFOPLIST_KEY_UILaunchScreen_Generation = YES;
				INFOPLIST_KEY_UISupportedInterfaceOrientations_iPad = "UIInterfaceOrientationPortrait UIInterfaceOrientationPortraitUpsideDown UIInterfaceOrientationLandscapeLeft UIInterfaceOrientationLandscapeRight";
				INFOPLIST_KEY_UISupportedInterfaceOrientations_iPhone = "UIInterfaceOrientationPortrait UIInterfaceOrientationLandscapeLeft UIInterfaceOrientationLandscapeRight";
				LD_RUNPATH_SEARCH_PATHS = (
					"$(inherited)",
					"@executable_path/Frameworks",
				);
				MARKETING_VERSION = 1.0;
				PRODUCT_BUNDLE_IDENTIFIER = com.RemKorolev.GitHubRepositoriesApp;
				PRODUCT_NAME = "$(TARGET_NAME)";
				SWIFT_EMIT_LOC_STRINGS = YES;
				SWIFT_VERSION = 5.0;
				TARGETED_DEVICE_FAMILY = "1,2";
			};
			name = Debug;
		};
		1BD1FFE92D01EF220078D8AD /* Release */ = {
			isa = XCBuildConfiguration;
			buildSettings = {
				ASSETCATALOG_COMPILER_APPICON_NAME = AppIcon;
				ASSETCATALOG_COMPILER_GLOBAL_ACCENT_COLOR_NAME = AccentColor;
				CODE_SIGN_STYLE = Automatic;
				CURRENT_PROJECT_VERSION = 1;
				DEVELOPMENT_ASSET_PATHS = "\"GitHubRepositoriesApp/Preview Content\"";
				DEVELOPMENT_TEAM = K48L8NYDR9;
				ENABLE_PREVIEWS = YES;
				GENERATE_INFOPLIST_FILE = YES;
				INFOPLIST_KEY_UIApplicationSceneManifest_Generation = YES;
				INFOPLIST_KEY_UIApplicationSupportsIndirectInputEvents = YES;
				INFOPLIST_KEY_UILaunchScreen_Generation = YES;
				INFOPLIST_KEY_UISupportedInterfaceOrientations_iPad = "UIInterfaceOrientationPortrait UIInterfaceOrientationPortraitUpsideDown UIInterfaceOrientationLandscapeLeft UIInterfaceOrientationLandscapeRight";
				INFOPLIST_KEY_UISupportedInterfaceOrientations_iPhone = "UIInterfaceOrientationPortrait UIInterfaceOrientationLandscapeLeft UIInterfaceOrientationLandscapeRight";
				LD_RUNPATH_SEARCH_PATHS = (
					"$(inherited)",
					"@executable_path/Frameworks",
				);
				MARKETING_VERSION = 1.0;
				PRODUCT_BUNDLE_IDENTIFIER = com.RemKorolev.GitHubRepositoriesApp;
				PRODUCT_NAME = "$(TARGET_NAME)";
				SWIFT_EMIT_LOC_STRINGS = YES;
				SWIFT_VERSION = 5.0;
				TARGETED_DEVICE_FAMILY = "1,2";
			};
			name = Release;
		};
		1BD1FFEB2D01EF220078D8AD /* Debug */ = {
			isa = XCBuildConfiguration;
			buildSettings = {
				BUNDLE_LOADER = "$(TEST_HOST)";
				CODE_SIGN_STYLE = Automatic;
				CURRENT_PROJECT_VERSION = 1;
				DEVELOPMENT_TEAM = K48L8NYDR9;
				GENERATE_INFOPLIST_FILE = YES;
				IPHONEOS_DEPLOYMENT_TARGET = 18.1;
				MARKETING_VERSION = 1.0;
				PRODUCT_BUNDLE_IDENTIFIER = com.RemKorolev.GitHubRepositoriesAppTests;
				PRODUCT_NAME = "$(TARGET_NAME)";
				SWIFT_EMIT_LOC_STRINGS = NO;
				SWIFT_VERSION = 5.0;
				TARGETED_DEVICE_FAMILY = "1,2";
				TEST_HOST = "$(BUILT_PRODUCTS_DIR)/GitHubRepositoriesApp.app/$(BUNDLE_EXECUTABLE_FOLDER_PATH)/GitHubRepositoriesApp";
			};
			name = Debug;
		};
		1BD1FFEC2D01EF220078D8AD /* Release */ = {
			isa = XCBuildConfiguration;
			buildSettings = {
				BUNDLE_LOADER = "$(TEST_HOST)";
				CODE_SIGN_STYLE = Automatic;
				CURRENT_PROJECT_VERSION = 1;
				DEVELOPMENT_TEAM = K48L8NYDR9;
				GENERATE_INFOPLIST_FILE = YES;
				IPHONEOS_DEPLOYMENT_TARGET = 18.1;
				MARKETING_VERSION = 1.0;
				PRODUCT_BUNDLE_IDENTIFIER = com.RemKorolev.GitHubRepositoriesAppTests;
				PRODUCT_NAME = "$(TARGET_NAME)";
				SWIFT_EMIT_LOC_STRINGS = NO;
				SWIFT_VERSION = 5.0;
				TARGETED_DEVICE_FAMILY = "1,2";
				TEST_HOST = "$(BUILT_PRODUCTS_DIR)/GitHubRepositoriesApp.app/$(BUNDLE_EXECUTABLE_FOLDER_PATH)/GitHubRepositoriesApp";
			};
			name = Release;
		};
		1BD1FFEE2D01EF220078D8AD /* Debug */ = {
			isa = XCBuildConfiguration;
			buildSettings = {
				CODE_SIGN_STYLE = Automatic;
				CURRENT_PROJECT_VERSION = 1;
				DEVELOPMENT_TEAM = K48L8NYDR9;
				GENERATE_INFOPLIST_FILE = YES;
				MARKETING_VERSION = 1.0;
				PRODUCT_BUNDLE_IDENTIFIER = com.RemKorolev.GitHubRepositoriesAppUITests;
				PRODUCT_NAME = "$(TARGET_NAME)";
				SWIFT_EMIT_LOC_STRINGS = NO;
				SWIFT_VERSION = 5.0;
				TARGETED_DEVICE_FAMILY = "1,2";
				TEST_TARGET_NAME = GitHubRepositoriesApp;
			};
			name = Debug;
		};
		1BD1FFEF2D01EF220078D8AD /* Release */ = {
			isa = XCBuildConfiguration;
			buildSettings = {
				CODE_SIGN_STYLE = Automatic;
				CURRENT_PROJECT_VERSION = 1;
				DEVELOPMENT_TEAM = K48L8NYDR9;
				GENERATE_INFOPLIST_FILE = YES;
				MARKETING_VERSION = 1.0;
				PRODUCT_BUNDLE_IDENTIFIER = com.RemKorolev.GitHubRepositoriesAppUITests;
				PRODUCT_NAME = "$(TARGET_NAME)";
				SWIFT_EMIT_LOC_STRINGS = NO;
				SWIFT_VERSION = 5.0;
				TARGETED_DEVICE_FAMILY = "1,2";
				TEST_TARGET_NAME = GitHubRepositoriesApp;
			};
			name = Release;
		};
/* End XCBuildConfiguration section */

/* Begin XCConfigurationList section */
		1BD1FFBC2D01EF1F0078D8AD /* Build configuration list for PBXProject "GitHubRepositoriesApp" */ = {
			isa = XCConfigurationList;
			buildConfigurations = (
				1BD1FFE52D01EF220078D8AD /* Debug */,
				1BD1FFE62D01EF220078D8AD /* Release */,
			);
			defaultConfigurationIsVisible = 0;
			defaultConfigurationName = Release;
		};
		1BD1FFE72D01EF220078D8AD /* Build configuration list for PBXNativeTarget "GitHubRepositoriesApp" */ = {
			isa = XCConfigurationList;
			buildConfigurations = (
				1BD1FFE82D01EF220078D8AD /* Debug */,
				1BD1FFE92D01EF220078D8AD /* Release */,
			);
			defaultConfigurationIsVisible = 0;
			defaultConfigurationName = Release;
		};
		1BD1FFEA2D01EF220078D8AD /* Build configuration list for PBXNativeTarget "GitHubRepositoriesAppTests" */ = {
			isa = XCConfigurationList;
			buildConfigurations = (
				1BD1FFEB2D01EF220078D8AD /* Debug */,
				1BD1FFEC2D01EF220078D8AD /* Release */,
			);
			defaultConfigurationIsVisible = 0;
			defaultConfigurationName = Release;
		};
		1BD1FFED2D01EF220078D8AD /* Build configuration list for PBXNativeTarget "GitHubRepositoriesAppUITests" */ = {
			isa = XCConfigurationList;
			buildConfigurations = (
				1BD1FFEE2D01EF220078D8AD /* Debug */,
				1BD1FFEF2D01EF220078D8AD /* Release */,
			);
			defaultConfigurationIsVisible = 0;
			defaultConfigurationName = Release;
		};
/* End XCConfigurationList section */
	};
	rootObject = 1BD1FFB92D01EF1F0078D8AD /* Project object */;
}
